
Microsoft Visual Studio Solution File, Format Version 12.00
# Visual Studio Version 16
VisualStudioVersion = 16.0.29728.190
MinimumVisualStudioVersion = 10.0.40219.1
Project("{FAE04EC0-301F-11D3-BF4B-00C04F79EFBC}") = "WebApplication2", "WebApplication2.csproj", "{08FEA8BE-C1D3-4A46-AA09-91EC9172F439}"
EndProject
Global
	GlobalSection(SolutionConfigurationPlatforms) = preSolution
		Debug|Any CPU = Debug|Any CPU
		Release|Any CPU = Release|Any CPU
	EndGlobalSection
	GlobalSection(ProjectConfigurationPlatforms) = postSolution
		{08FEA8BE-C1D3-4A46-AA09-91EC9172F439}.Debug|Any CPU.ActiveCfg = Debug|Any CPU
		{08FEA8BE-C1D3-4A46-AA09-91EC9172F439}.Debug|Any CPU.Build.0 = Debug|Any CPU
		{08FEA8BE-C1D3-4A46-AA09-91EC9172F439}.Release|Any CPU.ActiveCfg = Release|Any CPU
		{08FEA8BE-C1D3-4A46-AA09-91EC9172F439}.Release|Any CPU.Build.0 = Release|Any CPU
	EndGlobalSection
	GlobalSection(SolutionProperties) = preSolution
		HideSolutionNode = FALSE
	EndGlobalSection
	GlobalSection(ExtensibilityGlobals) = postSolution
		SolutionGuid = {DDBB000D-E600-4D06-842B-01768BC2F078}
	EndGlobalSection
EndGlobal
